
Microsoft Visual Studio Solution File, Format Version 12.00
# Visual Studio Version 16
VisualStudioVersion = 16.0.31005.135
MinimumVisualStudioVersion = 10.0.40219.1
Project("{FAE04EC0-301F-11D3-BF4B-00C04F79EFBC}") = "WebApplication2", "WebApplication2\WebApplication2.csproj", "{EE176EB1-697E-47A1-999C-3003D67E1CA0}"
EndProject
Project("{FAE04EC0-301F-11D3-BF4B-00C04F79EFBC}") = "WebApplication1", "WebApplication1\WebApplication1.csproj", "{8F5684DC-7882-4555-884B-FA24C437F4A1}"
EndProject
Project("{FAE04EC0-301F-11D3-BF4B-00C04F79EFBC}") = "AuthApps", "AuthApps\AuthApps.csproj", "{12F6309C-1279-4A5E-A416-BB8AB8D28680}"
EndProject
Project("{FAE04EC0-301F-11D3-BF4B-00C04F79EFBC}") = "AuthApps.Api", "AuthApps.Api\AuthApps.Api.csproj", "{38E47E8F-4368-4884-9F9F-B47B0E91E663}"
EndProject
Global
	GlobalSection(SolutionConfigurationPlatforms) = preSolution
		Debug|Any CPU = Debug|Any CPU
		Release|Any CPU = Release|Any CPU
	EndGlobalSection
	GlobalSection(ProjectConfigurationPlatforms) = postSolution
		{EE176EB1-697E-47A1-999C-3003D67E1CA0}.Debug|Any CPU.ActiveCfg = Debug|Any CPU
		{EE176EB1-697E-47A1-999C-3003D67E1CA0}.Debug|Any CPU.Build.0 = Debug|Any CPU
		{EE176EB1-697E-47A1-999C-3003D67E1CA0}.Release|Any CPU.ActiveCfg = Release|Any CPU
		{EE176EB1-697E-47A1-999C-3003D67E1CA0}.Release|Any CPU.Build.0 = Release|Any CPU
		{8F5684DC-7882-4555-884B-FA24C437F4A1}.Debug|Any CPU.ActiveCfg = Debug|Any CPU
		{8F5684DC-7882-4555-884B-FA24C437F4A1}.Debug|Any CPU.Build.0 = Debug|Any CPU
		{8F5684DC-7882-4555-884B-FA24C437F4A1}.Release|Any CPU.ActiveCfg = Release|Any CPU
		{8F5684DC-7882-4555-884B-FA24C437F4A1}.Release|Any CPU.Build.0 = Release|Any CPU
		{12F6309C-1279-4A5E-A416-BB8AB8D28680}.Debug|Any CPU.ActiveCfg = Debug|Any CPU
		{12F6309C-1279-4A5E-A416-BB8AB8D28680}.Debug|Any CPU.Build.0 = Debug|Any CPU
		{12F6309C-1279-4A5E-A416-BB8AB8D28680}.Release|Any CPU.ActiveCfg = Release|Any CPU
		{12F6309C-1279-4A5E-A416-BB8AB8D28680}.Release|Any CPU.Build.0 = Release|Any CPU
		{38E47E8F-4368-4884-9F9F-B47B0E91E663}.Debug|Any CPU.ActiveCfg = Debug|Any CPU
		{38E47E8F-4368-4884-9F9F-B47B0E91E663}.Debug|Any CPU.Build.0 = Debug|Any CPU
		{38E47E8F-4368-4884-9F9F-B47B0E91E663}.Release|Any CPU.ActiveCfg = Release|Any CPU
		{38E47E8F-4368-4884-9F9F-B47B0E91E663}.Release|Any CPU.Build.0 = Release|Any CPU
	EndGlobalSection
	GlobalSection(SolutionProperties) = preSolution
		HideSolutionNode = FALSE
	EndGlobalSection
	GlobalSection(ExtensibilityGlobals) = postSolution
		SolutionGuid = {45F7860E-457E-454F-AC43-E9E9B29215B3}
	EndGlobalSection
EndGlobal
